
Microsoft Visual Studio Solution File, Format Version 12.00
# Visual Studio Version 17
VisualStudioVersion = 17.11.35222.181
MinimumVisualStudioVersion = 10.0.40219.1
Project("{9A19103F-16F7-4668-BE54-9A1E7A4F7556}") = "GitLabAPI_2", "GitLabAPI_2\GitLabAPI_2.csproj", "{FBC6E108-7E91-47A8-BBE8-6B9AE53C2B0F}"
EndProject
Project("{9A19103F-16F7-4668-BE54-9A1E7A4F7556}") = "Services", "Services\Services.csproj", "{96209172-3686-4FB6-898A-81EE6CE59546}"
EndProject
Project("{9A19103F-16F7-4668-BE54-9A1E7A4F7556}") = "Helper", "Helper\Helper.csproj", "{B06161AA-5623-4A17-81AB-C7ECF9410E8C}"
EndProject
Project("{9A19103F-16F7-4668-BE54-9A1E7A4F7556}") = "EntityLayer", "EntityLayer\EntityLayer.csproj", "{C5401066-2CD3-4DA6-BC7F-3FB55B694D98}"
EndProject
Project("{2150E333-8FDC-42A3-9474-1A3956D46DE8}") = "Solution Items", "Solution Items", "{16B64512-CBF8-4167-86C0-D0205D56B336}"
	ProjectSection(SolutionItems) = preProject
		.gitignore = .gitignore
	EndProjectSection
EndProject
Global
	GlobalSection(SolutionConfigurationPlatforms) = preSolution
		Debug|Any CPU = Debug|Any CPU
		Release|Any CPU = Release|Any CPU
	EndGlobalSection
	GlobalSection(ProjectConfigurationPlatforms) = postSolution
		{FBC6E108-7E91-47A8-BBE8-6B9AE53C2B0F}.Debug|Any CPU.ActiveCfg = Debug|Any CPU
		{FBC6E108-7E91-47A8-BBE8-6B9AE53C2B0F}.Debug|Any CPU.Build.0 = Debug|Any CPU
		{FBC6E108-7E91-47A8-BBE8-6B9AE53C2B0F}.Release|Any CPU.ActiveCfg = Release|Any CPU
		{FBC6E108-7E91-47A8-BBE8-6B9AE53C2B0F}.Release|Any CPU.Build.0 = Release|Any CPU
		{96209172-3686-4FB6-898A-81EE6CE59546}.Debug|Any CPU.ActiveCfg = Debug|Any CPU
		{96209172-3686-4FB6-898A-81EE6CE59546}.Debug|Any CPU.Build.0 = Debug|Any CPU
		{96209172-3686-4FB6-898A-81EE6CE59546}.Release|Any CPU.ActiveCfg = Release|Any CPU
		{96209172-3686-4FB6-898A-81EE6CE59546}.Release|Any CPU.Build.0 = Release|Any CPU
		{B06161AA-5623-4A17-81AB-C7ECF9410E8C}.Debug|Any CPU.ActiveCfg = Debug|Any CPU
		{B06161AA-5623-4A17-81AB-C7ECF9410E8C}.Debug|Any CPU.Build.0 = Debug|Any CPU
		{B06161AA-5623-4A17-81AB-C7ECF9410E8C}.Release|Any CPU.ActiveCfg = Release|Any CPU
		{B06161AA-5623-4A17-81AB-C7ECF9410E8C}.Release|Any CPU.Build.0 = Release|Any CPU
		{C5401066-2CD3-4DA6-BC7F-3FB55B694D98}.Debug|Any CPU.ActiveCfg = Debug|Any CPU
		{C5401066-2CD3-4DA6-BC7F-3FB55B694D98}.Debug|Any CPU.Build.0 = Debug|Any CPU
		{C5401066-2CD3-4DA6-BC7F-3FB55B694D98}.Release|Any CPU.ActiveCfg = Release|Any CPU
		{C5401066-2CD3-4DA6-BC7F-3FB55B694D98}.Release|Any CPU.Build.0 = Release|Any CPU
	EndGlobalSection
	GlobalSection(SolutionProperties) = preSolution
		HideSolutionNode = FALSE
	EndGlobalSection
	GlobalSection(ExtensibilityGlobals) = postSolution
		SolutionGuid = {91DA29E6-C26F-4E23-A2C7-3A607B89E048}
	EndGlobalSection
EndGlobal
